{
  "lockfileVersion": 2,
  "configVersion": 1,
  "workspaces": {
    "": {
      "name": "tleehealth.com",
    },
    "apps/web": {
      "name": "@tleehealth/web",
      "version": "0.1.0",
      "dependencies": {
        "@simplewebauthn/browser": "^13",
        "@simplewebauthn/server": "^13.2.0",
        "@tleehealth/db": "workspace:*",
        "@tleehealth/payments": "workspace:*",
        "hono": "^4.10.3",
      },
    },
    "packages/cli": {
      "name": "@profullstack/tleehealth",
      "version": "0.4.0",
      "bin": {
        "tleehealth": "./bin/tleehealth.mjs",
      },
      "dependencies": {
        "@profullstack/hqtui": "^0.8.0",
      },
    },
    "packages/db": {
      "name": "@tleehealth/db",
      "version": "0.1.0",
      "dependencies": {
        "@profullstack/orgs": "^0.2.0",
        "postgres": "^3.4.7",
      },
    },
    "packages/mcp": {
      "name": "@profullstack/tleehealth-mcp",
      "version": "0.4.0",
      "bin": {
        "tleehealth-mcp": "./bin/tleehealth-mcp.mjs",
      },
      "dependencies": {
        "@profullstack/tleehealth": "^0.3.1",
      },
    },
    "packages/payments": {
      "name": "@tleehealth/payments",
      "version": "0.1.0",
    },
  },
  "packages": {
    "@hexagon/base64": ["@hexagon/base64@1.1.28", "", {}, "sha512-lhqDEAvWixy3bZ+UOYbPwUbBkwBq5C1LAJ/xPC8Oi+lL54oyakv/npbA0aU2hgCsx/1NUd4IBvV03+aUBWxerw=="],

    "@levischuck/tiny-cbor": ["@levischuck/tiny-cbor@0.2.11", "", {}, "sha512-llBRm4dT4Z89aRsm6u2oEZ8tfwL/2l6BwpZ7JcyieouniDECM5AqNgr/y08zalEIvW3RSK4upYyybDcmjXqAow=="],

    "@peculiar/asn1-android": ["@peculiar/asn1-android@2.10.0", "", { "dependencies": { "@peculiar/asn1-schema": "^2.10.0", "asn1js": "^3.0.10", "tslib": "^2.8.1" } }, "sha512-IHKdYL5MRW76DOQCv2HSE/vUMOf2jqH4E7yhtQYe/xx+RxpPiXfkUdhex0N4/s5crsnXCGftRNzy4RJn1s6CZA=="],

    "@peculiar/asn1-cms": ["@peculiar/asn1-cms@2.10.0", "", { "dependencies": { "@peculiar/asn1-schema": "^2.10.0", "@peculiar/asn1-x509": "^2.10.0", "@peculiar/asn1-x509-attr": "^2.10.0", "asn1js": "^3.0.10", "tslib": "^2.8.1" } }, "sha512-CkX0H4NCIOMHOU3rh2xXZywinYZ/EnJlaOlJiGI0e5L4XjFqHf4iH30LMbXWChVppdA9ljbanjtzQFOhDNfTWg=="],

    "@peculiar/asn1-csr": ["@peculiar/asn1-csr@2.10.0", "", { "dependencies": { "@peculiar/asn1-schema": "^2.10.0", "@peculiar/asn1-x509": "^2.10.0", "asn1js": "^3.0.10", "tslib": "^2.8.1" } }, "sha512-jTPTr/9rxKM+niQLMF3jiAMb0lWHUhUHIuSOhdGCIfpB4FAQYf9SoiXOgxP8bS/68IB+bj+1OHvVnDVCQfVUZw=="],

    "@peculiar/asn1-ecc": ["@peculiar/asn1-ecc@2.10.0", "", { "dependencies": { "@peculiar/asn1-schema": "^2.10.0", "@peculiar/asn1-x509": "^2.10.0", "asn1js": "^3.0.10", "tslib": "^2.8.1" } }, "sha512-GFd3iOjFrWX+QWH2R2dO5QSJyyRGv9CIBKtRlGlPNCvb2RvmCbBDexe91MJgV76c69d998Xsa+CvuQ98seoiPg=="],

    "@peculiar/asn1-pfx": ["@peculiar/asn1-pfx@2.10.0", "", { "dependencies": { "@peculiar/asn1-cms": "^2.10.0", "@peculiar/asn1-pkcs8": "^2.10.0", "@peculiar/asn1-rsa": "^2.10.0", "@peculiar/asn1-schema": "^2.10.0", "asn1js": "^3.0.10", "tslib": "^2.8.1" } }, "sha512-1y3QK9ZH1IPleAMmRoJlPS10eGkAWnULETW8zDFNUK1ffqpG7zmDY+kYBMYQgwlcQZ2iitLm2z2EBP0xzRXpaA=="],

    "@peculiar/asn1-pkcs8": ["@peculiar/asn1-pkcs8@2.10.0", "", { "dependencies": { "@peculiar/asn1-schema": "^2.10.0", "@peculiar/asn1-x509": "^2.10.0", "asn1js": "^3.0.10", "tslib": "^2.8.1" } }, "sha512-Ri+BZT9bnwqlHWmhs7lvWjvJRxKev2hA2+4EbZajgeYWCbR8hyv0znF4DhsFouOhMj2nSDV/iGJ6DMQtwITnCw=="],

    "@peculiar/asn1-pkcs9": ["@peculiar/asn1-pkcs9@2.10.0", "", { "dependencies": { "@peculiar/asn1-cms": "^2.10.0", "@peculiar/asn1-pfx": "^2.10.0", "@peculiar/asn1-pkcs8": "^2.10.0", "@peculiar/asn1-schema": "^2.10.0", "@peculiar/asn1-x509": "^2.10.0", "@peculiar/asn1-x509-attr": "^2.10.0", "asn1js": "^3.0.10", "tslib": "^2.8.1" } }, "sha512-XIXsbDQFezYk6fudczkuvawkRD4GNpISGCqfYhdkJlvcGF/RFknU+0DDJagOaJqBf+PdPzk4J9oMqDGcvfR9HQ=="],

    "@peculiar/asn1-rsa": ["@peculiar/asn1-rsa@2.10.0", "", { "dependencies": { "@peculiar/asn1-schema": "^2.10.0", "@peculiar/asn1-x509": "^2.10.0", "asn1js": "^3.0.10", "tslib": "^2.8.1" } }, "sha512-4Jvmwlh3gZAhNZ4/u7JSyLuce9hofOFZ4o3PYKAccCImGnyaT5CMym/ATgvAvqpOYFNW531oPZvJlEBhJy9VfA=="],

    "@peculiar/asn1-schema": ["@peculiar/asn1-schema@2.10.0", "", { "dependencies": { "@peculiar/utils": "^2.0.2", "asn1js": "^3.0.10", "tslib": "^2.8.1" } }, "sha512-GhokD41lV4gQrrLYm3wCkHfBOnJrnhDMgt4XeMW8gzfE1UdJqIuSwsE+ggf82XBjUXRJylcm+KIGQFa4utIVLw=="],

    "@peculiar/asn1-x509": ["@peculiar/asn1-x509@2.10.0", "", { "dependencies": { "@peculiar/asn1-schema": "^2.10.0", "@peculiar/utils": "^2.0.2", "asn1js": "^3.0.10", "tslib": "^2.8.1" } }, "sha512-ucNVg8+ANveTpMN3fy9lA2alryONdXc2A4cEG2hMniWbvQt+YOZoe8BI80YYNO8FBcuDY1qbDQ4uQGQVraHxGA=="],

    "@peculiar/asn1-x509-attr": ["@peculiar/asn1-x509-attr@2.10.0", "", { "dependencies": { "@peculiar/asn1-schema": "^2.10.0", "@peculiar/asn1-x509": "^2.10.0", "asn1js": "^3.0.10", "tslib": "^2.8.1" } }, "sha512-/85GtKOKmgvuSJNlaFfwGWNdRSZZ+hpF02NyM01XiCdzpaZONiBltDyfluFPvFx966CR+ZHNSG1jniwpy07oGg=="],

    "@peculiar/utils": ["@peculiar/utils@2.0.3", "", { "dependencies": { "tslib": "^2.8.1" } }, "sha512-+oL3HPFRIZ1St2K50lWCXiioIgSoxzz7R1J3uF6neO2yl1sgmpgY6XXJH4BdpoDkMWznQTeYF6oWNDZLCdQ4eQ=="],

    "@peculiar/x509": ["@peculiar/x509@1.14.3", "", { "dependencies": { "@peculiar/asn1-cms": "^2.6.0", "@peculiar/asn1-csr": "^2.6.0", "@peculiar/asn1-ecc": "^2.6.0", "@peculiar/asn1-pkcs9": "^2.6.0", "@peculiar/asn1-rsa": "^2.6.0", "@peculiar/asn1-schema": "^2.6.0", "@peculiar/asn1-x509": "^2.6.0", "pvtsutils": "^1.3.6", "reflect-metadata": "^0.2.2", "tslib": "^2.8.1", "tsyringe": "^4.10.0" } }, "sha512-C2Xj8FZ0uHWeCXXqX5B4/gVFQmtSkiuOolzAgutjTfseNOHT3pUjljDZsTSxXFGgio54bCzVFqmEOUrIVk8RDA=="],

    "@profullstack/hqtui": ["@profullstack/hqtui@0.8.0", "", { "bin": { "hqtui": "bin/hqtui.mjs" } }, "sha512-7dLq4Tb/GO7PyUaSRDf86K0AjeD55aBYW2Y7Mb2CM8YEAANno79ey0o9Dzr7QiGz/smJByah+gGp5UdAdDVGrA=="],

    "@profullstack/orgs": ["@profullstack/orgs@0.2.0", "", { "peerDependencies": { "postgres": "^3.4.0" }, "bin": { "orgs": "src/cli.js" } }, "sha512-KYax/CBA4MGIqWennoroPjbsrCthY1iXwvad7YUHUwLwus9FyLDOriRnyLMWjMVCG/pihkDfKALUfdCYFGu+Ng=="],

    "@profullstack/tleehealth": ["@profullstack/tleehealth@workspace:packages/cli"],

    "@profullstack/tleehealth-mcp": ["@profullstack/tleehealth-mcp@workspace:packages/mcp"],

    "@simplewebauthn/browser": ["@simplewebauthn/browser@13.3.0", "", {}, "sha512-BE/UWv6FOToAdVk0EokzkqQQDOWtNydYlY6+OrmiZ5SCNmb41VehttboTetUM3T/fr6EAFYVXjz4My2wg230rQ=="],

    "@simplewebauthn/server": ["@simplewebauthn/server@13.3.3", "", { "dependencies": { "@hexagon/base64": "^1.1.27", "@levischuck/tiny-cbor": "^0.2.2", "@peculiar/asn1-android": "^2.6.0", "@peculiar/asn1-ecc": "^2.6.1", "@peculiar/asn1-rsa": "^2.6.1", "@peculiar/asn1-schema": "^2.6.0", "@peculiar/asn1-x509": "^2.6.1", "@peculiar/x509": "^1.14.3" } }, "sha512-LelX/lcy5cjc15A86i/aNxHhB5eU7dd20QsbP0VLAf9e38+SLlsnqCCyecx3xqfGofhmX05h1J9fKRYWxw+luA=="],

    "@tleehealth/db": ["@tleehealth/db@workspace:packages/db"],

    "@tleehealth/payments": ["@tleehealth/payments@workspace:packages/payments"],

    "@tleehealth/web": ["@tleehealth/web@workspace:apps/web"],

    "asn1js": ["asn1js@3.0.10", "", { "dependencies": { "pvtsutils": "^1.3.6", "pvutils": "^1.1.5", "tslib": "^2.8.1" } }, "sha512-S2s3aOytiKdFRdulw2qPE51MzjzVOisppcVv7jVFR+Kw0kxwvFrDcYA0h7Ndqbmj0HkMIXYWaoj7fli8kgx1eg=="],

    "hono": ["hono@4.13.13", "", {}, "sha512-CQ46U0ZkAGmbT/4UxdzzGJpacP2IeKgY4a5/tOI9AABbpOMfK739wfDXmv1usCk+3RkKj1hQy4/fjhiwa2xlrA=="],

    "postgres": ["postgres@3.4.9", "", {}, "sha512-GD3qdB0x1z9xgFI6cdRD6xu2Sp2WCOEoe3mtnyB5Ee0XrrL5Pe+e4CCnJrRMnL1zYtRDZmQQVbvOttLnKDLnaw=="],

    "pvtsutils": ["pvtsutils@1.3.6", "", { "dependencies": { "tslib": "^2.8.1" } }, "sha512-PLgQXQ6H2FWCaeRak8vvk1GW462lMxB5s3Jm673N82zI4vqtVUPuZdffdZbPDFRoU8kAhItWFtPCWiPpp4/EDg=="],

    "pvutils": ["pvutils@1.2.0", "", {}, "sha512-BbubeCEyTuQjVMakvJQ/Sxbc93F2pwmbsxONT/ZRrwU7Ua38d8unYTwXpTVLAKJ4BDuH9IGztCjQcd/N/39Dvg=="],

    "reflect-metadata": ["reflect-metadata@0.2.2", "", {}, "sha512-urBwgfrvVP/eAyXx4hluJivBKzuEbSQs9rKWCrCkbSxNv8mxPcUZKeuoF3Uy4mJl3Lwprp6yy5/39VWigZ4K6Q=="],

    "tslib": ["tslib@2.8.1", "", {}, "sha512-oJFu94HQb+KVduSUQL7wnpmqnfmLsOA/nAh6b6EH0wCEoK0/mPeXU6c3wKDV83MkOuHPRHtSXKKU99IBazS/2w=="],

    "tsyringe": ["tsyringe@4.10.0", "", { "dependencies": { "tslib": "^1.9.3" } }, "sha512-axr3IdNuVIxnaK5XGEUFTu3YmAQ6lllgrvqfEoR16g/HGnYY/6We4oWENtAnzK6/LpJ2ur9PAb80RBt7/U4ugw=="],

    "tsyringe/tslib": ["tslib@1.14.1", "", {}, "sha512-Xni35NKzjgMrwevysHTCArtLDpPvye8zV/0E4EyYn43P7/7qvQwPh9BGkHewbMulVntbigmcT7rdX3BNo9wRJg=="],
  }
}
